
Microsoft Visual Studio Solution File, Format Version 12.00
# Visual Studio Version 16
VisualStudioVersion = 16.0.30413.136
MinimumVisualStudioVersion = 10.0.40219.1
Project("{00D1A9C2-B5F0-4AF3-8072-F6C62B433612}") = "MachineApp.SqlServer", "MachineApp.SqlServer\MachineApp.SqlServer.sqlproj", "{5453B51E-A89E-4622-A847-D2DA19F8895D}"
EndProject
Project("{2150E333-8FDC-42A3-9474-1A3956D46DE8}") = "Note", "Note", "{917959FA-5A68-406A-B459-68D6E8F78552}"
	ProjectSection(SolutionItems) = preProject
		MachineApp.txt = MachineApp.txt
	EndProjectSection
EndProject
Project("{9A19103F-16F7-4668-BE54-9A1E7A4F7556}") = "MachineApp.Models", "MachineApp.Models\MachineApp.Models.csproj", "{6A0C3084-57EC-4B37-AFB2-8DA62D699412}"
EndProject
Project("{FAE04EC0-301F-11D3-BF4B-00C04F79EFBC}") = "MachineApp", "MachineApp\MachineApp.csproj", "{11614133-BF42-47CE-BF29-0C776D571568}"
EndProject
Global
	GlobalSection(SolutionConfigurationPlatforms) = preSolution
		Debug|Any CPU = Debug|Any CPU
		Release|Any CPU = Release|Any CPU
	EndGlobalSection
	GlobalSection(ProjectConfigurationPlatforms) = postSolution
		{5453B51E-A89E-4622-A847-D2DA19F8895D}.Debug|Any CPU.ActiveCfg = Debug|Any CPU
		{5453B51E-A89E-4622-A847-D2DA19F8895D}.Debug|Any CPU.Build.0 = Debug|Any CPU
		{5453B51E-A89E-4622-A847-D2DA19F8895D}.Debug|Any CPU.Deploy.0 = Debug|Any CPU
		{5453B51E-A89E-4622-A847-D2DA19F8895D}.Release|Any CPU.ActiveCfg = Release|Any CPU
		{5453B51E-A89E-4622-A847-D2DA19F8895D}.Release|Any CPU.Build.0 = Release|Any CPU
		{5453B51E-A89E-4622-A847-D2DA19F8895D}.Release|Any CPU.Deploy.0 = Release|Any CPU
		{6A0C3084-57EC-4B37-AFB2-8DA62D699412}.Debug|Any CPU.ActiveCfg = Debug|Any CPU
		{6A0C3084-57EC-4B37-AFB2-8DA62D699412}.Debug|Any CPU.Build.0 = Debug|Any CPU
		{6A0C3084-57EC-4B37-AFB2-8DA62D699412}.Release|Any CPU.ActiveCfg = Release|Any CPU
		{6A0C3084-57EC-4B37-AFB2-8DA62D699412}.Release|Any CPU.Build.0 = Release|Any CPU
		{11614133-BF42-47CE-BF29-0C776D571568}.Debug|Any CPU.ActiveCfg = Debug|Any CPU
		{11614133-BF42-47CE-BF29-0C776D571568}.Debug|Any CPU.Build.0 = Debug|Any CPU
		{11614133-BF42-47CE-BF29-0C776D571568}.Release|Any CPU.ActiveCfg = Release|Any CPU
		{11614133-BF42-47CE-BF29-0C776D571568}.Release|Any CPU.Build.0 = Release|Any CPU
	EndGlobalSection
	GlobalSection(SolutionProperties) = preSolution
		HideSolutionNode = FALSE
	EndGlobalSection
	GlobalSection(ExtensibilityGlobals) = postSolution
		SolutionGuid = {AAFF9E67-6797-4784-835D-A72540EBF358}
	EndGlobalSection
EndGlobal
